// !$*UTF8*$!
{
	archiveVersion = 1;
	classes = {
	};
	objectVersion = 50;
	objects = {

/* Begin PBXBuildFile section */
		56A98409221FB3A500B7FC7B /* main.cpp in Sources */ = {isa = PBXBuildFile; fileRef = 56A98408221FB3A500B7FC7B /* main.cpp */; };
		56A9842A221FBF3800B7FC7B /* OpenGL.framework in Frameworks */ = {isa = PBXBuildFile; fileRef = 56A98429221FBF3800B7FC7B /* OpenGL.framework */; };
		56A9842C221FBF4600B7FC7B /* GLUT.framework in Frameworks */ = {isa = PBXBuildFile; fileRef = 56A9842B221FBF4600B7FC7B /* GLUT.framework */; };
/* End PBXBuildFile section */

/* Begin PBXCopyFilesBuildPhase section */
		56A98403221FB3A500B7FC7B /* CopyFiles */ = {
			isa = PBXCopyFilesBuildPhase;
			buildActionMask = 2147483647;
			dstPath = /usr/share/man/man1/;
			dstSubfolderSpec = 0;
			files = (
			);
			runOnlyForDeploymentPostprocessing = 1;
		};
/* End PBXCopyFilesBuildPhase section */

/* Begin PBXFileReference section */
		56A98405221FB3A500B7FC7B /* graphic_playGround */ = {isa = PBXFileReference; explicitFileType = "compiled.mach-o.executable"; includeInIndex = 0; path = graphic_playGround; sourceTree = BUILT_PRODUCTS_DIR; };
		56A98408221FB3A500B7FC7B /* main.cpp */ = {isa = PBXFileReference; lastKnownFileType = sourcecode.cpp.cpp; path = main.cpp; sourceTree = "<group>"; };
		56A9840F221FB3C900B7FC7B /* matrix.h */ = {isa = PBXFileReference; fileEncoding = 4; lastKnownFileType = sourcecode.c.h; path = matrix.h; sourceTree = "<group>"; };
		56A98410221FB41300B7FC7B /* camera.h */ = {isa = PBXFileReference; lastKnownFileType = sourcecode.c.h; path = camera.h; sourceTree = "<group>"; };
		56A98411221FB49200B7FC7B /* render.h */ = {isa = PBXFileReference; lastKnownFileType = sourcecode.c.h; path = render.h; sourceTree = "<group>"; };
		56A98412221FB76D00B7FC7B /* environment.h */ = {isa = PBXFileReference; lastKnownFileType = sourcecode.c.h; path = environment.h; sourceTree = "<group>"; };
		56A98429221FBF3800B7FC7B /* OpenGL.framework */ = {isa = PBXFileReference; lastKnownFileType = wrapper.framework; name = OpenGL.framework; path = System/Library/Frameworks/OpenGL.framework; sourceTree = SDKROOT; };
		56A9842B221FBF4600B7FC7B /* GLUT.framework */ = {isa = PBXFileReference; lastKnownFileType = wrapper.framework; name = GLUT.framework; path = System/Library/Frameworks/GLUT.framework; sourceTree = SDKROOT; };
		56A9842D221FC20600B7FC7B /* bresenham.h */ = {isa = PBXFileReference; lastKnownFileType = sourcecode.c.h; path = bresenham.h; sourceTree = "<group>"; };
		56A9842E221FC25400B7FC7B /* point.h */ = {isa = PBXFileReference; lastKnownFileType = sourcecode.c.h; path = point.h; sourceTree = "<group>"; };
/* End PBXFileReference section */

/* Begin PBXFrameworksBuildPhase section */
		56A98402221FB3A500B7FC7B /* Frameworks */ = {
			isa = PBXFrameworksBuildPhase;
			buildActionMask = 2147483647;
			files = (
				56A9842C221FBF4600B7FC7B /* GLUT.framework in Frameworks */,
				56A9842A221FBF3800B7FC7B /* OpenGL.framework in Frameworks */,
			);
			runOnlyForDeploymentPostprocessing = 0;
		};
/* End PBXFrameworksBuildPhase section */

/* Begin PBXGroup section */
		56A983FC221FB3A500B7FC7B = {
			isa = PBXGroup;
			children = (
				56A98407221FB3A500B7FC7B /* graphic_playGround */,
				56A98406221FB3A500B7FC7B /* Products */,
				56A98428221FBF3800B7FC7B /* Frameworks */,
			);
			sourceTree = "<group>";
		};
		56A98406221FB3A500B7FC7B /* Products */ = {
			isa = PBXGroup;
			children = (
				56A98405221FB3A500B7FC7B /* graphic_playGround */,
			);
			name = Products;
			sourceTree = "<group>";
		};
		56A98407221FB3A500B7FC7B /* graphic_playGround */ = {
			isa = PBXGroup;
			children = (
				56A98408221FB3A500B7FC7B /* main.cpp */,
				56A98411221FB49200B7FC7B /* render.h */,
				56A9842D221FC20600B7FC7B /* bresenham.h */,
				56A98410221FB41300B7FC7B /* camera.h */,
				56A9840F221FB3C900B7FC7B /* matrix.h */,
				56A98412221FB76D00B7FC7B /* environment.h */,
				56A9842E221FC25400B7FC7B /* point.h */,
			);
			path = graphic_playGround;
			sourceTree = "<group>";
		};
		56A98428221FBF3800B7FC7B /* Frameworks */ = {
			isa = PBXGroup;
			children = (
				56A9842B221FBF4600B7FC7B /* GLUT.framework */,
				56A98429221FBF3800B7FC7B /* OpenGL.framework */,
			);
			name = Frameworks;
			sourceTree = "<group>";
		};
/* End PBXGroup section */

/* Begin PBXNativeTarget section */
		56A98404221FB3A500B7FC7B /* graphic_playGround */ = {
			isa = PBXNativeTarget;
			buildConfigurationList = 56A9840C221FB3A500B7FC7B /* Build configuration list for PBXNativeTarget "graphic_playGround" */;
			buildPhases = (
				56A98401221FB3A500B7FC7B /* Sources */,
				56A98402221FB3A500B7FC7B /* Frameworks */,
				56A98403221FB3A500B7FC7B /* CopyFiles */,
			);
			buildRules = (
			);
			dependencies = (
			);
			name = graphic_playGround;
			productName = graphic_playGround;
			productReference = 56A98405221FB3A500B7FC7B /* graphic_playGround */;
			productType = "com.apple.product-type.tool";
		};
/* End PBXNativeTarget section */

/* Begin PBXProject section */
		56A983FD221FB3A500B7FC7B /* Project object */ = {
			isa = PBXProject;
			attributes = {
				LastUpgradeCheck = 1010;
				ORGANIZATIONNAME = "Mu He";
				TargetAttributes = {
					56A98404221FB3A500B7FC7B = {
						CreatedOnToolsVersion = 10.1;
					};
				};
			};
			buildConfigurationList = 56A98400221FB3A500B7FC7B /* Build configuration list for PBXProject "graphic_playGround" */;
			compatibilityVersion = "Xcode 9.3";
			developmentRegion = en;
			hasScannedForEncodings = 0;
			knownRegions = (
				en,
			);
			mainGroup = 56A983FC221FB3A500B7FC7B;
			productRefGroup = 56A98406221FB3A500B7FC7B /* Products */;
			projectDirPath = "";
			projectRoot = "";
			targets = (
				56A98404221FB3A500B7FC7B /* graphic_playGround */,
			);
		};
/* End PBXProject section */

/* Begin PBXSourcesBuildPhase section */
		56A98401221FB3A500B7FC7B /* Sources */ = {
			isa = PBXSourcesBuildPhase;
			buildActionMask = 2147483647;
			files = (
				56A98409221FB3A500B7FC7B /* main.cpp in Sources */,
			);
			runOnlyForDeploymentPostprocessing = 0;
		};
/* End PBXSourcesBuildPhase section */

/* Begin XCBuildConfiguration section */
		56A9840A221FB3A500B7FC7B /* Debug */ = {
			isa = XCBuildConfiguration;
			buildSettings = {
				ALWAYS_SEARCH_USER_PATHS = NO;
				CLANG_ANALYZER_NONNULL = YES;
				CLANG_ANALYZER_NUMBER_OBJECT_CONVERSION = YES_AGGRESSIVE;
				CLANG_CXX_LANGUAGE_STANDARD = "gnu++14";
				CLANG_CXX_LIBRARY = "libc++";
				CLANG_ENABLE_MODULES = YES;
				CLANG_ENABLE_OBJC_ARC = YES;
				CLANG_ENABLE_OBJC_WEAK = YES;
				CLANG_WARN_BLOCK_CAPTURE_AUTORELEASING = YES;
				CLANG_WARN_BOOL_CONVERSION = YES;
				CLANG_WARN_COMMA = YES;
				CLANG_WARN_CONSTANT_CONVERSION = YES;
				CLANG_WARN_DEPRECATED_OBJC_IMPLEMENTATIONS = YES;
				CLANG_WARN_DIRECT_OBJC_ISA_USAGE = YES_ERROR;
				CLANG_WARN_DOCUMENTATION_COMMENTS = YES;
				CLANG_WARN_EMPTY_BODY = YES;
				CLANG_WARN_ENUM_CONVERSION = YES;
				CLANG_WARN_INFINITE_RECURSION = YES;
				CLANG_WARN_INT_CONVERSION = YES;
				CLANG_WARN_NON_LITERAL_NULL_CONVERSION = YES;
				CLANG_WARN_OBJC_IMPLICIT_RETAIN_SELF = YES;
				CLANG_WARN_OBJC_LITERAL_CONVERSION = YES;
				CLANG_WARN_OBJC_ROOT_CLASS = YES_ERROR;
				CLANG_WARN_RANGE_LOOP_ANALYSIS = YES;
				CLANG_WARN_STRICT_PROTOTYPES = YES;
				CLANG_WARN_SUSPICIOUS_MOVE = YES;
				CLANG_WARN_UNGUARDED_AVAILABILITY = YES_AGGRESSIVE;
				CLANG_WARN_UNREACHABLE_CODE = YES;
				CLANG_WARN__DUPLICATE_METHOD_MATCH = YES;
				CODE_SIGN_IDENTITY = "-";
				COPY_PHASE_STRIP = NO;
				DEBUG_INFORMATION_FORMAT = dwarf;
				ENABLE_STRICT_OBJC_MSGSEND = YES;
				ENABLE_TESTABILITY = YES;
				GCC_C_LANGUAGE_STANDARD = gnu11;
				GCC_DYNAMIC_NO_PIC = NO;
				GCC_NO_COMMON_BLOCKS = YES;
				GCC_OPTIMIZATION_LEVEL = 0;
				GCC_PREPROCESSOR_DEFINITIONS = (
					"DEBUG=1",
					"$(inherited)",
				);
				GCC_WARN_64_TO_32_BIT_CONVERSION = YES;
				GCC_WARN_ABOUT_RETURN_TYPE = YES_ERROR;
				GCC_WARN_UNDECLARED_SELECTOR = YES;
				GCC_WARN_UNINITIALIZED_AUTOS = YES_AGGRESSIVE;
				GCC_WARN_UNUSED_FUNCTION = YES;
				GCC_WARN_UNUSED_VARIABLE = YES;
				MACOSX_DEPLOYMENT_TARGET = 10.14;
				MTL_ENABLE_DEBUG_INFO = INCLUDE_SOURCE;
				MTL_FAST_MATH = YES;
				ONLY_ACTIVE_ARCH = YES;
				SDKROOT = macosx;
			};
			name = Debug;
		};
		56A9840B221FB3A500B7FC7B /* Release */ = {
			isa = XCBuildConfiguration;
			buildSettings = {
				ALWAYS_SEARCH_USER_PATHS = NO;
				CLANG_ANALYZER_NONNULL = YES;
				CLANG_ANALYZER_NUMBER_OBJECT_CONVERSION = YES_AGGRESSIVE;
				CLANG_CXX_LANGUAGE_STANDARD = "gnu++14";
				CLANG_CXX_LIBRARY = "libc++";
				CLANG_ENABLE_MODULES = YES;
				CLANG_ENABLE_OBJC_ARC = YES;
				CLANG_ENABLE_OBJC_WEAK = YES;
				CLANG_WARN_BLOCK_CAPTURE_AUTORELEASING = YES;
				CLANG_WARN_BOOL_CONVERSION = YES;
				CLANG_WARN_COMMA = YES;
				CLANG_WARN_CONSTANT_CONVERSION = YES;
				CLANG_WARN_DEPRECATED_OBJC_IMPLEMENTATIONS = YES;
				CLANG_WARN_DIRECT_OBJC_ISA_USAGE = YES_ERROR;
				CLANG_WARN_DOCUMENTATION_COMMENTS = YES;
				CLANG_WARN_EMPTY_BODY = YES;
				CLANG_WARN_ENUM_CONVERSION = YES;
				CLANG_WARN_INFINITE_RECURSION = YES;
				CLANG_WARN_INT_CONVERSION = YES;
				CLANG_WARN_NON_LITERAL_NULL_CONVERSION = YES;
				CLANG_WARN_OBJC_IMPLICIT_RETAIN_SELF = YES;
				CLANG_WARN_OBJC_LITERAL_CONVERSION = YES;
				CLANG_WARN_OBJC_ROOT_CLASS = YES_ERROR;
				CLANG_WARN_RANGE_LOOP_ANALYSIS = YES;
				CLANG_WARN_STRICT_PROTOTYPES = YES;
				CLANG_WARN_SUSPICIOUS_MOVE = YES;
				CLANG_WARN_UNGUARDED_AVAILABILITY = YES_AGGRESSIVE;
				CLANG_WARN_UNREACHABLE_CODE = YES;
				CLANG_WARN__DUPLICATE_METHOD_MATCH = YES;
				CODE_SIGN_IDENTITY = "-";
				COPY_PHASE_STRIP = NO;
				DEBUG_INFORMATION_FORMAT = "dwarf-with-dsym";
				ENABLE_NS_ASSERTIONS = NO;
				ENABLE_STRICT_OBJC_MSGSEND = YES;
				GCC_C_LANGUAGE_STANDARD = gnu11;
				GCC_NO_COMMON_BLOCKS = YES;
				GCC_WARN_64_TO_32_BIT_CONVERSION = YES;
				GCC_WARN_ABOUT_RETURN_TYPE = YES_ERROR;
				GCC_WARN_UNDECLARED_SELECTOR = YES;
				GCC_WARN_UNINITIALIZED_AUTOS = YES_AGGRESSIVE;
				GCC_WARN_UNUSED_FUNCTION = YES;
				GCC_WARN_UNUSED_VARIABLE = YES;
				MACOSX_DEPLOYMENT_TARGET = 10.14;
				MTL_ENABLE_DEBUG_INFO = NO;
				MTL_FAST_MATH = YES;
				SDKROOT = macosx;
			};
			name = Release;
		};
		56A9840D221FB3A500B7FC7B /* Debug */ = {
			isa = XCBuildConfiguration;
			buildSettings = {
				CODE_SIGN_STYLE = Automatic;
				PRODUCT_NAME = "$(TARGET_NAME)";
			};
			name = Debug;
		};
		56A9840E221FB3A500B7FC7B /* Release */ = {
			isa = XCBuildConfiguration;
			buildSettings = {
				CODE_SIGN_STYLE = Automatic;
				PRODUCT_NAME = "$(TARGET_NAME)";
			};
			name = Release;
		};
/* End XCBuildConfiguration section */

/* Begin XCConfigurationList section */
		56A98400221FB3A500B7FC7B /* Build configuration list for PBXProject "graphic_playGround" */ = {
			isa = XCConfigurationList;
			buildConfigurations = (
				56A9840A221FB3A500B7FC7B /* Debug */,
				56A9840B221FB3A500B7FC7B /* Release */,
			);
			defaultConfigurationIsVisible = 0;
			defaultConfigurationName = Release;
		};
		56A9840C221FB3A500B7FC7B /* Build configuration list for PBXNativeTarget "graphic_playGround" */ = {
			isa = XCConfigurationList;
			buildConfigurations = (
				56A9840D221FB3A500B7FC7B /* Debug */,
				56A9840E221FB3A500B7FC7B /* Release */,
			);
			defaultConfigurationIsVisible = 0;
			defaultConfigurationName = Release;
		};
/* End XCConfigurationList section */
	};
	rootObject = 56A983FD221FB3A500B7FC7B /* Project object */;
}
